
Microsoft Visual Studio Solution File, Format Version 12.00
# Visual Studio 15
VisualStudioVersion = 15.0.27512.0
MinimumVisualStudioVersion = 10.0.40219.1
Project("{FAE04EC0-301F-11D3-BF4B-00C04F79EFBC}") = "datamall_bot", "datamall_bot\datamall_bot.csproj", "{4C62BC96-3CD2-4D07-81A3-90A6C4A31E9D}"
EndProject
Global
	GlobalSection(SolutionConfigurationPlatforms) = preSolution
		Debug|Any CPU = Debug|Any CPU
		Release|Any CPU = Release|Any CPU
	EndGlobalSection
	GlobalSection(ProjectConfigurationPlatforms) = postSolution
		{4C62BC96-3CD2-4D07-81A3-90A6C4A31E9D}.Debug|Any CPU.ActiveCfg = Debug|Any CPU
		{4C62BC96-3CD2-4D07-81A3-90A6C4A31E9D}.Debug|Any CPU.Build.0 = Debug|Any CPU
		{4C62BC96-3CD2-4D07-81A3-90A6C4A31E9D}.Release|Any CPU.ActiveCfg = Release|Any CPU
		{4C62BC96-3CD2-4D07-81A3-90A6C4A31E9D}.Release|Any CPU.Build.0 = Release|Any CPU
	EndGlobalSection
	GlobalSection(SolutionProperties) = preSolution
		HideSolutionNode = FALSE
	EndGlobalSection
	GlobalSection(ExtensibilityGlobals) = postSolution
		SolutionGuid = {AC52F585-8FD1-42C4-AB11-ED3D71BE0FFE}
	EndGlobalSection
EndGlobal
